
Microsoft Visual Studio Solution File, Format Version 12.00
# Visual Studio Version 16
VisualStudioVersion = 16.0.30907.101
MinimumVisualStudioVersion = 10.0.40219.1
Project("{FAE04EC0-301F-11D3-BF4B-00C04F79EFBC}") = "Example7", "Example7.csproj", "{DCA36294-1CF2-43C2-8D0D-71F7E312D875}"
EndProject
Global
	GlobalSection(SolutionConfigurationPlatforms) = preSolution
		Debug|Any CPU = Debug|Any CPU
		Release|Any CPU = Release|Any CPU
	EndGlobalSection
	GlobalSection(ProjectConfigurationPlatforms) = postSolution
		{DCA36294-1CF2-43C2-8D0D-71F7E312D875}.Debug|Any CPU.ActiveCfg = Debug|Any CPU
		{DCA36294-1CF2-43C2-8D0D-71F7E312D875}.Debug|Any CPU.Build.0 = Debug|Any CPU
		{DCA36294-1CF2-43C2-8D0D-71F7E312D875}.Release|Any CPU.ActiveCfg = Release|Any CPU
		{DCA36294-1CF2-43C2-8D0D-71F7E312D875}.Release|Any CPU.Build.0 = Release|Any CPU
	EndGlobalSection
	GlobalSection(SolutionProperties) = preSolution
		HideSolutionNode = FALSE
	EndGlobalSection
	GlobalSection(ExtensibilityGlobals) = postSolution
		SolutionGuid = {9C927091-1DBC-4D2F-9277-05D7B7721D34}
	EndGlobalSection
EndGlobal
