
Microsoft Visual Studio Solution File, Format Version 12.00
# Visual Studio Version 16
VisualStudioVersion = 16.0.30907.101
MinimumVisualStudioVersion = 10.0.40219.1
Project("{FAE04EC0-301F-11D3-BF4B-00C04F79EFBC}") = "Example12", "Example12.csproj", "{2EA68B6D-F741-412F-8843-F94EBA33A8D8}"
EndProject
Global
	GlobalSection(SolutionConfigurationPlatforms) = preSolution
		Debug|Any CPU = Debug|Any CPU
		Release|Any CPU = Release|Any CPU
	EndGlobalSection
	GlobalSection(ProjectConfigurationPlatforms) = postSolution
		{2EA68B6D-F741-412F-8843-F94EBA33A8D8}.Debug|Any CPU.ActiveCfg = Debug|Any CPU
		{2EA68B6D-F741-412F-8843-F94EBA33A8D8}.Debug|Any CPU.Build.0 = Debug|Any CPU
		{2EA68B6D-F741-412F-8843-F94EBA33A8D8}.Release|Any CPU.ActiveCfg = Release|Any CPU
		{2EA68B6D-F741-412F-8843-F94EBA33A8D8}.Release|Any CPU.Build.0 = Release|Any CPU
	EndGlobalSection
	GlobalSection(SolutionProperties) = preSolution
		HideSolutionNode = FALSE
	EndGlobalSection
	GlobalSection(ExtensibilityGlobals) = postSolution
		SolutionGuid = {782C0DC1-930C-48D0-AFC3-F2A16F05195D}
	EndGlobalSection
EndGlobal
